
Microsoft Visual Studio Solution File, Format Version 12.00
# Visual Studio Version 17
VisualStudioVersion = 17.0.31903.59
MinimumVisualStudioVersion = 10.0.40219.1
Project("{9A19103F-16F7-4668-BE54-9A1E7A4F7556}") = "SearchProductCode", "SearchProductCode.csproj", "{BFC1EBF9-7F22-4CC8-BD8B-934E660A199E}"
EndProject
Global
	GlobalSection(SolutionConfigurationPlatforms) = preSolution
		Debug|Any CPU = Debug|Any CPU
		Release|Any CPU = Release|Any CPU
	EndGlobalSection
	GlobalSection(ProjectConfigurationPlatforms) = postSolution
		{BFC1EBF9-7F22-4CC8-BD8B-934E660A199E}.Debug|Any CPU.ActiveCfg = Debug|Any CPU
		{BFC1EBF9-7F22-4CC8-BD8B-934E660A199E}.Debug|Any CPU.Build.0 = Debug|Any CPU
		{BFC1EBF9-7F22-4CC8-BD8B-934E660A199E}.Release|Any CPU.ActiveCfg = Release|Any CPU
		{BFC1EBF9-7F22-4CC8-BD8B-934E660A199E}.Release|Any CPU.Build.0 = Release|Any CPU
	EndGlobalSection
	GlobalSection(SolutionProperties) = preSolution
		HideSolutionNode = FALSE
	EndGlobalSection
	GlobalSection(ExtensibilityGlobals) = postSolution
		SolutionGuid = {09533E63-E372-4CC4-A41D-ABB62E5E2E88}
	EndGlobalSection
EndGlobal
